<Solution>
  <Folder Name="/Solution Items/">
    <File Path=".editorconfig" />
  </Folder>
  <Project Path="CalamityAnomalies/CalamityAnomalies.csproj" />
  <Project Path="CelessTest/CelessTest.csproj" />
  <Project Path="Stillness/Stillness.csproj" />
  <Project Path="Transoceanic/Transoceanic.csproj" />
  <Project Path="TransoceanicCodeAssist/TransoceanicCodeAssist.csproj" />
</Solution>
